{
  "originHash" : "22b92cced6125291c89f514069b4531fe6cfaf425b6f825e4807d7770ee08eb3",
  "pins" : [
    {
      "identity" : "highlighterswift",
      "kind" : "remoteSourceControl",
      "location" : "https://github.com/smittytone/HighlighterSwift",
      "state" : {
        "revision" : "fe7aae9c9b31d3b296fd3d2dd575e1a207bb29e0",
        "version" : "3.1.0"
      }
    },
    {
      "identity" : "networkimage",
      "kind" : "remoteSourceControl",
      "location" : "https://github.com/gonzalezreal/NetworkImage",
      "state" : {
        "revision" : "2849f5323265386e200484b0d0f896e73c3411b9",
        "version" : "6.0.1"
      }
    },
    {
      "identity" : "swift-cmark",
      "kind" : "remoteSourceControl",
      "location" : "https://github.com/swiftlang/swift-cmark",
      "state" : {
        "revision" : "924936d0427cb25a61169739a7660230bffa6ea6",
        "version" : "0.8.0"
      }
    },
    {
      "identity" : "swift-markdown-ui",
      "kind" : "remoteSourceControl",
      "location" : "https://github.com/georgeharker/swift-markdown-ui",
      "state" : {
        "branch" : "main",
        "revision" : "74ed594c9902896feed6f00e65fbc67a8f26d793"
      }
    }
  ],
  "version" : 3
}
